// !$*UTF8*$!
{
	archiveVersion = 1;
	classes = {
	};
	objectVersion = 50;
	objects = {

/* Begin PBXBuildFile section */
		85A9755323562817006CFE50 /* AppDelegate.swift in Sources */ = {isa = PBXBuildFile; fileRef = 85A9755223562817006CFE50 /* AppDelegate.swift */; };
		85A9755523562817006CFE50 /* SceneDelegate.swift in Sources */ = {isa = PBXBuildFile; fileRef = 85A9755423562817006CFE50 /* SceneDelegate.swift */; };
		85A9755723562817006CFE50 /* ContentView.swift in Sources */ = {isa = PBXBuildFile; fileRef = 85A9755623562817006CFE50 /* ContentView.swift */; };
		85A9755923562819006CFE50 /* Assets.xcassets in Resources */ = {isa = PBXBuildFile; fileRef = 85A9755823562819006CFE50 /* Assets.xcassets */; };
		85A9755C23562819006CFE50 /* Preview Assets.xcassets in Resources */ = {isa = PBXBuildFile; fileRef = 85A9755B23562819006CFE50 /* Preview Assets.xcassets */; };
		85A9755F23562819006CFE50 /* LaunchScreen.storyboard in Resources */ = {isa = PBXBuildFile; fileRef = 85A9755D23562819006CFE50 /* LaunchScreen.storyboard */; };
		85A9756A23562819006CFE50 /* myuw_iosTests.swift in Sources */ = {isa = PBXBuildFile; fileRef = 85A9756923562819006CFE50 /* myuw_iosTests.swift */; };
		85A9757523562819006CFE50 /* myuw_iosUITests.swift in Sources */ = {isa = PBXBuildFile; fileRef = 85A9757423562819006CFE50 /* myuw_iosUITests.swift */; };
		85A9758323564C29006CFE50 /* MyUW.plist in Resources */ = {isa = PBXBuildFile; fileRef = 85A9758223564C29006CFE50 /* MyUW.plist */; };
/* End PBXBuildFile section */

/* Begin PBXContainerItemProxy section */
		85A9756623562819006CFE50 /* PBXContainerItemProxy */ = {
			isa = PBXContainerItemProxy;
			containerPortal = 85A9754723562817006CFE50 /* Project object */;
			proxyType = 1;
			remoteGlobalIDString = 85A9754E23562817006CFE50;
			remoteInfo = "myuw-ios";
		};
		85A9757123562819006CFE50 /* PBXContainerItemProxy */ = {
			isa = PBXContainerItemProxy;
			containerPortal = 85A9754723562817006CFE50 /* Project object */;
			proxyType = 1;
			remoteGlobalIDString = 85A9754E23562817006CFE50;
			remoteInfo = "myuw-ios";
		};
/* End PBXContainerItemProxy section */

/* Begin PBXFileReference section */
		85A9754F23562817006CFE50 /* myuw-ios.app */ = {isa = PBXFileReference; explicitFileType = wrapper.application; includeInIndex = 0; path = "myuw-ios.app"; sourceTree = BUILT_PRODUCTS_DIR; };
		85A9755223562817006CFE50 /* AppDelegate.swift */ = {isa = PBXFileReference; lastKnownFileType = sourcecode.swift; path = AppDelegate.swift; sourceTree = "<group>"; };
		85A9755423562817006CFE50 /* SceneDelegate.swift */ = {isa = PBXFileReference; lastKnownFileType = sourcecode.swift; path = SceneDelegate.swift; sourceTree = "<group>"; };
		85A9755623562817006CFE50 /* ContentView.swift */ = {isa = PBXFileReference; lastKnownFileType = sourcecode.swift; path = ContentView.swift; sourceTree = "<group>"; };
		85A9755823562819006CFE50 /* Assets.xcassets */ = {isa = PBXFileReference; lastKnownFileType = folder.assetcatalog; path = Assets.xcassets; sourceTree = "<group>"; };
		85A9755B23562819006CFE50 /* Preview Assets.xcassets */ = {isa = PBXFileReference; lastKnownFileType = folder.assetcatalog; path = "Preview Assets.xcassets"; sourceTree = "<group>"; };
		85A9755E23562819006CFE50 /* Base */ = {isa = PBXFileReference; lastKnownFileType = file.storyboard; name = Base; path = Base.lproj/LaunchScreen.storyboard; sourceTree = "<group>"; };
		85A9756023562819006CFE50 /* Info.plist */ = {isa = PBXFileReference; lastKnownFileType = text.plist.xml; path = Info.plist; sourceTree = "<group>"; };
		85A9756523562819006CFE50 /* myuw-iosTests.xctest */ = {isa = PBXFileReference; explicitFileType = wrapper.cfbundle; includeInIndex = 0; path = "myuw-iosTests.xctest"; sourceTree = BUILT_PRODUCTS_DIR; };
		85A9756923562819006CFE50 /* myuw_iosTests.swift */ = {isa = PBXFileReference; lastKnownFileType = sourcecode.swift; path = myuw_iosTests.swift; sourceTree = "<group>"; };
		85A9756B23562819006CFE50 /* Info.plist */ = {isa = PBXFileReference; lastKnownFileType = text.plist.xml; path = Info.plist; sourceTree = "<group>"; };
		85A9757023562819006CFE50 /* myuw-iosUITests.xctest */ = {isa = PBXFileReference; explicitFileType = wrapper.cfbundle; includeInIndex = 0; path = "myuw-iosUITests.xctest"; sourceTree = BUILT_PRODUCTS_DIR; };
		85A9757423562819006CFE50 /* myuw_iosUITests.swift */ = {isa = PBXFileReference; lastKnownFileType = sourcecode.swift; path = myuw_iosUITests.swift; sourceTree = "<group>"; };
		85A9757623562819006CFE50 /* Info.plist */ = {isa = PBXFileReference; lastKnownFileType = text.plist.xml; path = Info.plist; sourceTree = "<group>"; };
		85A9758223564C29006CFE50 /* MyUW.plist */ = {isa = PBXFileReference; lastKnownFileType = text.plist.xml; path = MyUW.plist; sourceTree = "<group>"; };
/* End PBXFileReference section */

/* Begin PBXFrameworksBuildPhase section */
		85A9754C23562817006CFE50 /* Frameworks */ = {
			isa = PBXFrameworksBuildPhase;
			buildActionMask = 2147483647;
			files = (
			);
			runOnlyForDeploymentPostprocessing = 0;
		};
		85A9756223562819006CFE50 /* Frameworks */ = {
			isa = PBXFrameworksBuildPhase;
			buildActionMask = 2147483647;
			files = (
			);
			runOnlyForDeploymentPostprocessing = 0;
		};
		85A9756D23562819006CFE50 /* Frameworks */ = {
			isa = PBXFrameworksBuildPhase;
			buildActionMask = 2147483647;
			files = (
			);
			runOnlyForDeploymentPostprocessing = 0;
		};
/* End PBXFrameworksBuildPhase section */

/* Begin PBXGroup section */
		85A9754623562817006CFE50 = {
			isa = PBXGroup;
			children = (
				85A9755123562817006CFE50 /* myuw-ios */,
				85A9756823562819006CFE50 /* myuw-iosTests */,
				85A9757323562819006CFE50 /* myuw-iosUITests */,
				85A9755023562817006CFE50 /* Products */,
			);
			sourceTree = "<group>";
		};
		85A9755023562817006CFE50 /* Products */ = {
			isa = PBXGroup;
			children = (
				85A9754F23562817006CFE50 /* myuw-ios.app */,
				85A9756523562819006CFE50 /* myuw-iosTests.xctest */,
				85A9757023562819006CFE50 /* myuw-iosUITests.xctest */,
			);
			name = Products;
			sourceTree = "<group>";
		};
		85A9755123562817006CFE50 /* myuw-ios */ = {
			isa = PBXGroup;
			children = (
				85A9755223562817006CFE50 /* AppDelegate.swift */,
				85A9755423562817006CFE50 /* SceneDelegate.swift */,
				85A9755623562817006CFE50 /* ContentView.swift */,
				85A9755823562819006CFE50 /* Assets.xcassets */,
				85A9755D23562819006CFE50 /* LaunchScreen.storyboard */,
				85A9756023562819006CFE50 /* Info.plist */,
				85A9755A23562819006CFE50 /* Preview Content */,
				85A9758223564C29006CFE50 /* MyUW.plist */,
			);
			path = "myuw-ios";
			sourceTree = "<group>";
		};
		85A9755A23562819006CFE50 /* Preview Content */ = {
			isa = PBXGroup;
			children = (
				85A9755B23562819006CFE50 /* Preview Assets.xcassets */,
			);
			path = "Preview Content";
			sourceTree = "<group>";
		};
		85A9756823562819006CFE50 /* myuw-iosTests */ = {
			isa = PBXGroup;
			children = (
				85A9756923562819006CFE50 /* myuw_iosTests.swift */,
				85A9756B23562819006CFE50 /* Info.plist */,
			);
			path = "myuw-iosTests";
			sourceTree = "<group>";
		};
		85A9757323562819006CFE50 /* myuw-iosUITests */ = {
			isa = PBXGroup;
			children = (
				85A9757423562819006CFE50 /* myuw_iosUITests.swift */,
				85A9757623562819006CFE50 /* Info.plist */,
			);
			path = "myuw-iosUITests";
			sourceTree = "<group>";
		};
/* End PBXGroup section */

/* Begin PBXNativeTarget section */
		85A9754E23562817006CFE50 /* myuw-ios */ = {
			isa = PBXNativeTarget;
			buildConfigurationList = 85A9757923562819006CFE50 /* Build configuration list for PBXNativeTarget "myuw-ios" */;
			buildPhases = (
				85A9754B23562817006CFE50 /* Sources */,
				85A9754C23562817006CFE50 /* Frameworks */,
				85A9754D23562817006CFE50 /* Resources */,
			);
			buildRules = (
			);
			dependencies = (
			);
			name = "myuw-ios";
			productName = "myuw-ios";
			productReference = 85A9754F23562817006CFE50 /* myuw-ios.app */;
			productType = "com.apple.product-type.application";
		};
		85A9756423562819006CFE50 /* myuw-iosTests */ = {
			isa = PBXNativeTarget;
			buildConfigurationList = 85A9757C23562819006CFE50 /* Build configuration list for PBXNativeTarget "myuw-iosTests" */;
			buildPhases = (
				85A9756123562819006CFE50 /* Sources */,
				85A9756223562819006CFE50 /* Frameworks */,
				85A9756323562819006CFE50 /* Resources */,
			);
			buildRules = (
			);
			dependencies = (
				85A9756723562819006CFE50 /* PBXTargetDependency */,
			);
			name = "myuw-iosTests";
			productName = "myuw-iosTests";
			productReference = 85A9756523562819006CFE50 /* myuw-iosTests.xctest */;
			productType = "com.apple.product-type.bundle.unit-test";
		};
		85A9756F23562819006CFE50 /* myuw-iosUITests */ = {
			isa = PBXNativeTarget;
			buildConfigurationList = 85A9757F23562819006CFE50 /* Build configuration list for PBXNativeTarget "myuw-iosUITests" */;
			buildPhases = (
				85A9756C23562819006CFE50 /* Sources */,
				85A9756D23562819006CFE50 /* Frameworks */,
				85A9756E23562819006CFE50 /* Resources */,
			);
			buildRules = (
			);
			dependencies = (
				85A9757223562819006CFE50 /* PBXTargetDependency */,
			);
			name = "myuw-iosUITests";
			productName = "myuw-iosUITests";
			productReference = 85A9757023562819006CFE50 /* myuw-iosUITests.xctest */;
			productType = "com.apple.product-type.bundle.ui-testing";
		};
/* End PBXNativeTarget section */

/* Begin PBXProject section */
		85A9754723562817006CFE50 /* Project object */ = {
			isa = PBXProject;
			attributes = {
				LastSwiftUpdateCheck = 1110;
				LastUpgradeCheck = 1110;
				ORGANIZATIONNAME = "Charlon Palacay";
				TargetAttributes = {
					85A9754E23562817006CFE50 = {
						CreatedOnToolsVersion = 11.1;
					};
					85A9756423562819006CFE50 = {
						CreatedOnToolsVersion = 11.1;
						TestTargetID = 85A9754E23562817006CFE50;
					};
					85A9756F23562819006CFE50 = {
						CreatedOnToolsVersion = 11.1;
						TestTargetID = 85A9754E23562817006CFE50;
					};
				};
			};
			buildConfigurationList = 85A9754A23562817006CFE50 /* Build configuration list for PBXProject "myuw-ios" */;
			compatibilityVersion = "Xcode 9.3";
			developmentRegion = en;
			hasScannedForEncodings = 0;
			knownRegions = (
				en,
				Base,
			);
			mainGroup = 85A9754623562817006CFE50;
			productRefGroup = 85A9755023562817006CFE50 /* Products */;
			projectDirPath = "";
			projectRoot = "";
			targets = (
				85A9754E23562817006CFE50 /* myuw-ios */,
				85A9756423562819006CFE50 /* myuw-iosTests */,
				85A9756F23562819006CFE50 /* myuw-iosUITests */,
			);
		};
/* End PBXProject section */

/* Begin PBXResourcesBuildPhase section */
		85A9754D23562817006CFE50 /* Resources */ = {
			isa = PBXResourcesBuildPhase;
			buildActionMask = 2147483647;
			files = (
				85A9755F23562819006CFE50 /* LaunchScreen.storyboard in Resources */,
				85A9755C23562819006CFE50 /* Preview Assets.xcassets in Resources */,
				85A9758323564C29006CFE50 /* MyUW.plist in Resources */,
				85A9755923562819006CFE50 /* Assets.xcassets in Resources */,
			);
			runOnlyForDeploymentPostprocessing = 0;
		};
		85A9756323562819006CFE50 /* Resources */ = {
			isa = PBXResourcesBuildPhase;
			buildActionMask = 2147483647;
			files = (
			);
			runOnlyForDeploymentPostprocessing = 0;
		};
		85A9756E23562819006CFE50 /* Resources */ = {
			isa = PBXResourcesBuildPhase;
			buildActionMask = 2147483647;
			files = (
			);
			runOnlyForDeploymentPostprocessing = 0;
		};
/* End PBXResourcesBuildPhase section */

/* Begin PBXSourcesBuildPhase section */
		85A9754B23562817006CFE50 /* Sources */ = {
			isa = PBXSourcesBuildPhase;
			buildActionMask = 2147483647;
			files = (
				85A9755323562817006CFE50 /* AppDelegate.swift in Sources */,
				85A9755523562817006CFE50 /* SceneDelegate.swift in Sources */,
				85A9755723562817006CFE50 /* ContentView.swift in Sources */,
			);
			runOnlyForDeploymentPostprocessing = 0;
		};
		85A9756123562819006CFE50 /* Sources */ = {
			isa = PBXSourcesBuildPhase;
			buildActionMask = 2147483647;
			files = (
				85A9756A23562819006CFE50 /* myuw_iosTests.swift in Sources */,
			);
			runOnlyForDeploymentPostprocessing = 0;
		};
		85A9756C23562819006CFE50 /* Sources */ = {
			isa = PBXSourcesBuildPhase;
			buildActionMask = 2147483647;
			files = (
				85A9757523562819006CFE50 /* myuw_iosUITests.swift in Sources */,
			);
			runOnlyForDeploymentPostprocessing = 0;
		};
/* End PBXSourcesBuildPhase section */

/* Begin PBXTargetDependency section */
		85A9756723562819006CFE50 /* PBXTargetDependency */ = {
			isa = PBXTargetDependency;
			target = 85A9754E23562817006CFE50 /* myuw-ios */;
			targetProxy = 85A9756623562819006CFE50 /* PBXContainerItemProxy */;
		};
		85A9757223562819006CFE50 /* PBXTargetDependency */ = {
			isa = PBXTargetDependency;
			target = 85A9754E23562817006CFE50 /* myuw-ios */;
			targetProxy = 85A9757123562819006CFE50 /* PBXContainerItemProxy */;
		};
/* End PBXTargetDependency section */

/* Begin PBXVariantGroup section */
		85A9755D23562819006CFE50 /* LaunchScreen.storyboard */ = {
			isa = PBXVariantGroup;
			children = (
				85A9755E23562819006CFE50 /* Base */,
			);
			name = LaunchScreen.storyboard;
			sourceTree = "<group>";
		};
/* End PBXVariantGroup section */

/* Begin XCBuildConfiguration section */
		85A9757723562819006CFE50 /* Debug */ = {
			isa = XCBuildConfiguration;
			buildSettings = {
				ALWAYS_SEARCH_USER_PATHS = NO;
				CLANG_ANALYZER_NONNULL = YES;
				CLANG_ANALYZER_NUMBER_OBJECT_CONVERSION = YES_AGGRESSIVE;
				CLANG_CXX_LANGUAGE_STANDARD = "gnu++14";
				CLANG_CXX_LIBRARY = "libc++";
				CLANG_ENABLE_MODULES = YES;
				CLANG_ENABLE_OBJC_ARC = YES;
				CLANG_ENABLE_OBJC_WEAK = YES;
				CLANG_WARN_BLOCK_CAPTURE_AUTORELEASING = YES;
				CLANG_WARN_BOOL_CONVERSION = YES;
				CLANG_WARN_COMMA = YES;
				CLANG_WARN_CONSTANT_CONVERSION = YES;
				CLANG_WARN_DEPRECATED_OBJC_IMPLEMENTATIONS = YES;
				CLANG_WARN_DIRECT_OBJC_ISA_USAGE = YES_ERROR;
				CLANG_WARN_DOCUMENTATION_COMMENTS = YES;
				CLANG_WARN_EMPTY_BODY = YES;
				CLANG_WARN_ENUM_CONVERSION = YES;
				CLANG_WARN_INFINITE_RECURSION = YES;
				CLANG_WARN_INT_CONVERSION = YES;
				CLANG_WARN_NON_LITERAL_NULL_CONVERSION = YES;
				CLANG_WARN_OBJC_IMPLICIT_RETAIN_SELF = YES;
				CLANG_WARN_OBJC_LITERAL_CONVERSION = YES;
				CLANG_WARN_OBJC_ROOT_CLASS = YES_ERROR;
				CLANG_WARN_RANGE_LOOP_ANALYSIS = YES;
				CLANG_WARN_STRICT_PROTOTYPES = YES;
				CLANG_WARN_SUSPICIOUS_MOVE = YES;
				CLANG_WARN_UNGUARDED_AVAILABILITY = YES_AGGRESSIVE;
				CLANG_WARN_UNREACHABLE_CODE = YES;
				CLANG_WARN__DUPLICATE_METHOD_MATCH = YES;
				COPY_PHASE_STRIP = NO;
				DEBUG_INFORMATION_FORMAT = dwarf;
				ENABLE_STRICT_OBJC_MSGSEND = YES;
				ENABLE_TESTABILITY = YES;
				GCC_C_LANGUAGE_STANDARD = gnu11;
				GCC_DYNAMIC_NO_PIC = NO;
				GCC_NO_COMMON_BLOCKS = YES;
				GCC_OPTIMIZATION_LEVEL = 0;
				GCC_PREPROCESSOR_DEFINITIONS = (
					"DEBUG=1",
					"$(inherited)",
				);
				GCC_WARN_64_TO_32_BIT_CONVERSION = YES;
				GCC_WARN_ABOUT_RETURN_TYPE = YES_ERROR;
				GCC_WARN_UNDECLARED_SELECTOR = YES;
				GCC_WARN_UNINITIALIZED_AUTOS = YES_AGGRESSIVE;
				GCC_WARN_UNUSED_FUNCTION = YES;
				GCC_WARN_UNUSED_VARIABLE = YES;
				IPHONEOS_DEPLOYMENT_TARGET = 13.1;
				MTL_ENABLE_DEBUG_INFO = INCLUDE_SOURCE;
				MTL_FAST_MATH = YES;
				ONLY_ACTIVE_ARCH = YES;
				SDKROOT = iphoneos;
				SWIFT_ACTIVE_COMPILATION_CONDITIONS = DEBUG;
				SWIFT_OPTIMIZATION_LEVEL = "-Onone";
			};
			name = Debug;
		};
		85A9757823562819006CFE50 /* Release */ = {
			isa = XCBuildConfiguration;
			buildSettings = {
				ALWAYS_SEARCH_USER_PATHS = NO;
				CLANG_ANALYZER_NONNULL = YES;
				CLANG_ANALYZER_NUMBER_OBJECT_CONVERSION = YES_AGGRESSIVE;
				CLANG_CXX_LANGUAGE_STANDARD = "gnu++14";
				CLANG_CXX_LIBRARY = "libc++";
				CLANG_ENABLE_MODULES = YES;
				CLANG_ENABLE_OBJC_ARC = YES;
				CLANG_ENABLE_OBJC_WEAK = YES;
				CLANG_WARN_BLOCK_CAPTURE_AUTORELEASING = YES;
				CLANG_WARN_BOOL_CONVERSION = YES;
				CLANG_WARN_COMMA = YES;
				CLANG_WARN_CONSTANT_CONVERSION = YES;
				CLANG_WARN_DEPRECATED_OBJC_IMPLEMENTATIONS = YES;
				CLANG_WARN_DIRECT_OBJC_ISA_USAGE = YES_ERROR;
				CLANG_WARN_DOCUMENTATION_COMMENTS = YES;
				CLANG_WARN_EMPTY_BODY = YES;
				CLANG_WARN_ENUM_CONVERSION = YES;
				CLANG_WARN_INFINITE_RECURSION = YES;
				CLANG_WARN_INT_CONVERSION = YES;
				CLANG_WARN_NON_LITERAL_NULL_CONVERSION = YES;
				CLANG_WARN_OBJC_IMPLICIT_RETAIN_SELF = YES;
				CLANG_WARN_OBJC_LITERAL_CONVERSION = YES;
				CLANG_WARN_OBJC_ROOT_CLASS = YES_ERROR;
				CLANG_WARN_RANGE_LOOP_ANALYSIS = YES;
				CLANG_WARN_STRICT_PROTOTYPES = YES;
				CLANG_WARN_SUSPICIOUS_MOVE = YES;
				CLANG_WARN_UNGUARDED_AVAILABILITY = YES_AGGRESSIVE;
				CLANG_WARN_UNREACHABLE_CODE = YES;
				CLANG_WARN__DUPLICATE_METHOD_MATCH = YES;
				COPY_PHASE_STRIP = NO;
				DEBUG_INFORMATION_FORMAT = "dwarf-with-dsym";
				ENABLE_NS_ASSERTIONS = NO;
				ENABLE_STRICT_OBJC_MSGSEND = YES;
				GCC_C_LANGUAGE_STANDARD = gnu11;
				GCC_NO_COMMON_BLOCKS = YES;
				GCC_WARN_64_TO_32_BIT_CONVERSION = YES;
				GCC_WARN_ABOUT_RETURN_TYPE = YES_ERROR;
				GCC_WARN_UNDECLARED_SELECTOR = YES;
				GCC_WARN_UNINITIALIZED_AUTOS = YES_AGGRESSIVE;
				GCC_WARN_UNUSED_FUNCTION = YES;
				GCC_WARN_UNUSED_VARIABLE = YES;
				IPHONEOS_DEPLOYMENT_TARGET = 13.1;
				MTL_ENABLE_DEBUG_INFO = NO;
				MTL_FAST_MATH = YES;
				SDKROOT = iphoneos;
				SWIFT_COMPILATION_MODE = wholemodule;
				SWIFT_OPTIMIZATION_LEVEL = "-O";
				VALIDATE_PRODUCT = YES;
			};
			name = Release;
		};
		85A9757A23562819006CFE50 /* Debug */ = {
			isa = XCBuildConfiguration;
			buildSettings = {
				ASSETCATALOG_COMPILER_APPICON_NAME = AppIcon;
				CODE_SIGN_STYLE = Automatic;
				DEVELOPMENT_ASSET_PATHS = "\"myuw-ios/Preview Content\"";
				DEVELOPMENT_TEAM = THEWY9596Q;
				ENABLE_PREVIEWS = YES;
				INFOPLIST_FILE = "myuw-ios/Info.plist";
				LD_RUNPATH_SEARCH_PATHS = (
					"$(inherited)",
					"@executable_path/Frameworks",
				);
				PRODUCT_BUNDLE_IDENTIFIER = "axdd.myuw-ios";
				PRODUCT_NAME = "$(TARGET_NAME)";
				SWIFT_VERSION = 5.0;
				TARGETED_DEVICE_FAMILY = "1,2";
			};
			name = Debug;
		};
		85A9757B23562819006CFE50 /* Release */ = {
			isa = XCBuildConfiguration;
			buildSettings = {
				ASSETCATALOG_COMPILER_APPICON_NAME = AppIcon;
				CODE_SIGN_STYLE = Automatic;
				DEVELOPMENT_ASSET_PATHS = "\"myuw-ios/Preview Content\"";
				DEVELOPMENT_TEAM = THEWY9596Q;
				ENABLE_PREVIEWS = YES;
				INFOPLIST_FILE = "myuw-ios/Info.plist";
				LD_RUNPATH_SEARCH_PATHS = (
					"$(inherited)",
					"@executable_path/Frameworks",
				);
				PRODUCT_BUNDLE_IDENTIFIER = "axdd.myuw-ios";
				PRODUCT_NAME = "$(TARGET_NAME)";
				SWIFT_VERSION = 5.0;
				TARGETED_DEVICE_FAMILY = "1,2";
			};
			name = Release;
		};
		85A9757D23562819006CFE50 /* Debug */ = {
			isa = XCBuildConfiguration;
			buildSettings = {
				ALWAYS_EMBED_SWIFT_STANDARD_LIBRARIES = YES;
				BUNDLE_LOADER = "$(TEST_HOST)";
				CODE_SIGN_STYLE = Automatic;
				DEVELOPMENT_TEAM = THEWY9596Q;
				INFOPLIST_FILE = "myuw-iosTests/Info.plist";
				IPHONEOS_DEPLOYMENT_TARGET = 13.1;
				LD_RUNPATH_SEARCH_PATHS = (
					"$(inherited)",
					"@executable_path/Frameworks",
					"@loader_path/Frameworks",
				);
				PRODUCT_BUNDLE_IDENTIFIER = "axdd.myuw-iosTests";
				PRODUCT_NAME = "$(TARGET_NAME)";
				SWIFT_VERSION = 5.0;
				TARGETED_DEVICE_FAMILY = "1,2";
				TEST_HOST = "$(BUILT_PRODUCTS_DIR)/myuw-ios.app/myuw-ios";
			};
			name = Debug;
		};
		85A9757E23562819006CFE50 /* Release */ = {
			isa = XCBuildConfiguration;
			buildSettings = {
				ALWAYS_EMBED_SWIFT_STANDARD_LIBRARIES = YES;
				BUNDLE_LOADER = "$(TEST_HOST)";
				CODE_SIGN_STYLE = Automatic;
				DEVELOPMENT_TEAM = THEWY9596Q;
				INFOPLIST_FILE = "myuw-iosTests/Info.plist";
				IPHONEOS_DEPLOYMENT_TARGET = 13.1;
				LD_RUNPATH_SEARCH_PATHS = (
					"$(inherited)",
					"@executable_path/Frameworks",
					"@loader_path/Frameworks",
				);
				PRODUCT_BUNDLE_IDENTIFIER = "axdd.myuw-iosTests";
				PRODUCT_NAME = "$(TARGET_NAME)";
				SWIFT_VERSION = 5.0;
				TARGETED_DEVICE_FAMILY = "1,2";
				TEST_HOST = "$(BUILT_PRODUCTS_DIR)/myuw-ios.app/myuw-ios";
			};
			name = Release;
		};
		85A9758023562819006CFE50 /* Debug */ = {
			isa = XCBuildConfiguration;
			buildSettings = {
				ALWAYS_EMBED_SWIFT_STANDARD_LIBRARIES = YES;
				CODE_SIGN_STYLE = Automatic;
				DEVELOPMENT_TEAM = THEWY9596Q;
				INFOPLIST_FILE = "myuw-iosUITests/Info.plist";
				LD_RUNPATH_SEARCH_PATHS = (
					"$(inherited)",
					"@executable_path/Frameworks",
					"@loader_path/Frameworks",
				);
				PRODUCT_BUNDLE_IDENTIFIER = "axdd.myuw-iosUITests";
				PRODUCT_NAME = "$(TARGET_NAME)";
				SWIFT_VERSION = 5.0;
				TARGETED_DEVICE_FAMILY = "1,2";
				TEST_TARGET_NAME = "myuw-ios";
			};
			name = Debug;
		};
		85A9758123562819006CFE50 /* Release */ = {
			isa = XCBuildConfiguration;
			buildSettings = {
				ALWAYS_EMBED_SWIFT_STANDARD_LIBRARIES = YES;
				CODE_SIGN_STYLE = Automatic;
				DEVELOPMENT_TEAM = THEWY9596Q;
				INFOPLIST_FILE = "myuw-iosUITests/Info.plist";
				LD_RUNPATH_SEARCH_PATHS = (
					"$(inherited)",
					"@executable_path/Frameworks",
					"@loader_path/Frameworks",
				);
				PRODUCT_BUNDLE_IDENTIFIER = "axdd.myuw-iosUITests";
				PRODUCT_NAME = "$(TARGET_NAME)";
				SWIFT_VERSION = 5.0;
				TARGETED_DEVICE_FAMILY = "1,2";
				TEST_TARGET_NAME = "myuw-ios";
			};
			name = Release;
		};
/* End XCBuildConfiguration section */

/* Begin XCConfigurationList section */
		85A9754A23562817006CFE50 /* Build configuration list for PBXProject "myuw-ios" */ = {
			isa = XCConfigurationList;
			buildConfigurations = (
				85A9757723562819006CFE50 /* Debug */,
				85A9757823562819006CFE50 /* Release */,
			);
			defaultConfigurationIsVisible = 0;
			defaultConfigurationName = Release;
		};
		85A9757923562819006CFE50 /* Build configuration list for PBXNativeTarget "myuw-ios" */ = {
			isa = XCConfigurationList;
			buildConfigurations = (
				85A9757A23562819006CFE50 /* Debug */,
				85A9757B23562819006CFE50 /* Release */,
			);
			defaultConfigurationIsVisible = 0;
			defaultConfigurationName = Release;
		};
		85A9757C23562819006CFE50 /* Build configuration list for PBXNativeTarget "myuw-iosTests" */ = {
			isa = XCConfigurationList;
			buildConfigurations = (
				85A9757D23562819006CFE50 /* Debug */,
				85A9757E23562819006CFE50 /* Release */,
			);
			defaultConfigurationIsVisible = 0;
			defaultConfigurationName = Release;
		};
		85A9757F23562819006CFE50 /* Build configuration list for PBXNativeTarget "myuw-iosUITests" */ = {
			isa = XCConfigurationList;
			buildConfigurations = (
				85A9758023562819006CFE50 /* Debug */,
				85A9758123562819006CFE50 /* Release */,
			);
			defaultConfigurationIsVisible = 0;
			defaultConfigurationName = Release;
		};
/* End XCConfigurationList section */
	};
	rootObject = 85A9754723562817006CFE50 /* Project object */;
}
